
Microsoft Visual Studio Solution File, Format Version 12.00
# Visual Studio Version 16
VisualStudioVersion = 16.0.29814.53
MinimumVisualStudioVersion = 10.0.40219.1
Project("{FAE04EC0-301F-11D3-BF4B-00C04F79EFBC}") = "Logiciel_Charton", "Logiciel_Charton.csproj", "{E815BAEE-4A62-4669-90BB-29E7793427AE}"
EndProject
Global
	GlobalSection(SolutionConfigurationPlatforms) = preSolution
		Debug|Any CPU = Debug|Any CPU
		Release|Any CPU = Release|Any CPU
	EndGlobalSection
	GlobalSection(ProjectConfigurationPlatforms) = postSolution
		{E815BAEE-4A62-4669-90BB-29E7793427AE}.Debug|Any CPU.ActiveCfg = Debug|Any CPU
		{E815BAEE-4A62-4669-90BB-29E7793427AE}.Debug|Any CPU.Build.0 = Debug|Any CPU
		{E815BAEE-4A62-4669-90BB-29E7793427AE}.Release|Any CPU.ActiveCfg = Release|Any CPU
		{E815BAEE-4A62-4669-90BB-29E7793427AE}.Release|Any CPU.Build.0 = Release|Any CPU
	EndGlobalSection
	GlobalSection(SolutionProperties) = preSolution
		HideSolutionNode = FALSE
	EndGlobalSection
	GlobalSection(ExtensibilityGlobals) = postSolution
		SolutionGuid = {0FD8C3E6-8670-4B40-AAAA-DB65D993492D}
	EndGlobalSection
EndGlobal
